<?xml version="1.0" encoding="utf-8"?>
<Project ToolsVersion="4.0" xmlns="http://schemas.microsoft.com/developer/msbuild/2003">
  <ItemGroup>
    <Filter Include="源文件">
      <UniqueIdentifier>{4FC737F1-C7A5-4376-A066-2A32D752A2FF}</UniqueIdentifier>
      <Extensions>cpp;c;cc;cxx;def;odl;idl;hpj;bat;asm;asmx</Extensions>
    </Filter>
    <Filter Include="头文件">
      <UniqueIdentifier>{93995380-89BD-4b04-88EB-625FBE52EBFB}</UniqueIdentifier>
      <Extensions>h;hh;hpp;hxx;hm;inl;inc;ipp;xsd</Extensions>
    </Filter>
    <Filter Include="资源文件">
      <UniqueIdentifier>{67DA6AB6-F800-4c08-8B7A-83BB121AAD01}</UniqueIdentifier>
      <Extensions>rc;ico;cur;bmp;dlg;rc2;rct;bin;rgs;gif;jpg;jpeg;jpe;resx;tiff;tif;png;wav;mfcribbon-ms</Extensions>
    </Filter>
  </ItemGroup>
  <ItemGroup>
    <ClInclude Include="stdafx.h">
      <Filter>头文件</Filter>
    </ClInclude>
    <ClInclude Include="audioframe_transformer.h">
      <Filter>头文件</Filter>
    </ClInclude>
    <ClInclude Include="avfilter.h">
      <Filter>头文件</Filter>
    </ClInclude>
    <ClInclude Include="avpacket.h">
      <Filter>头文件</Filter>
    </ClInclude>
    <ClInclude Include="avstream_helper.h">
      <Filter>头文件</Filter>
    </ClInclude>
    <ClInclude Include="avtransformer.h">
      <Filter>头文件</Filter>
    </ClInclude>
    <ClInclude Include="in_avfile.h">
      <Filter>头文件</Filter>
    </ClInclude>
    <ClInclude Include="in_avsource.h">
      <Filter>头文件</Filter>
    </ClInclude>
    <ClInclude Include="io_audiostream.h">
      <Filter>头文件</Filter>
    </ClInclude>
    <ClInclude Include="io_avformat.h">
      <Filter>头文件</Filter>
    </ClInclude>
    <ClInclude Include="io_avstream.h">
      <Filter>头文件</Filter>
    </ClInclude>
    <ClInclude Include="io_videostream.h">
      <Filter>头文件</Filter>
    </ClInclude>
    <ClInclude Include="out_avfile.h">
      <Filter>头文件</Filter>
    </ClInclude>
    <ClInclude Include="packectqueue.h">
      <Filter>头文件</Filter>
    </ClInclude>
    <ClInclude Include="ringbuffer.h">
      <Filter>头文件</Filter>
    </ClInclude>
    <ClInclude Include="videoframe_transformer.h">
      <Filter>头文件</Filter>
    </ClInclude>
  </ItemGroup>
  <ItemGroup>
    <ClCompile Include="stdafx.cpp">
      <Filter>源文件</Filter>
    </ClCompile>
    <ClCompile Include="audioframe_transformer.cpp">
      <Filter>源文件</Filter>
    </ClCompile>
    <ClCompile Include="avfilter.cpp">
      <Filter>源文件</Filter>
    </ClCompile>
    <ClCompile Include="avpacket.cpp">
      <Filter>源文件</Filter>
    </ClCompile>
    <ClCompile Include="avstream_helper.cpp">
      <Filter>源文件</Filter>
    </ClCompile>
    <ClCompile Include="avtransformer.cpp">
      <Filter>源文件</Filter>
    </ClCompile>
    <ClCompile Include="in_avfile.cpp">
      <Filter>源文件</Filter>
    </ClCompile>
    <ClCompile Include="in_avsource.cpp">
      <Filter>源文件</Filter>
    </ClCompile>
    <ClCompile Include="io_audiostream.cpp">
      <Filter>源文件</Filter>
    </ClCompile>
    <ClCompile Include="io_avformat.cpp">
      <Filter>源文件</Filter>
    </ClCompile>
    <ClCompile Include="io_avstream.cpp">
      <Filter>源文件</Filter>
    </ClCompile>
    <ClCompile Include="io_videostream.cpp">
      <Filter>源文件</Filter>
    </ClCompile>
    <ClCompile Include="out_avfile.cpp">
      <Filter>源文件</Filter>
    </ClCompile>
    <ClCompile Include="packectqueue.cpp">
      <Filter>源文件</Filter>
    </ClCompile>
    <ClCompile Include="videoframe_transformer.cpp">
      <Filter>源文件</Filter>
    </ClCompile>
  </ItemGroup>
</Project>